// !$*UTF8*$!
{
	archiveVersion = 1;
	classes = {
	};
	objectVersion = 56;
	objects = {

/* Begin PBXBuildFile section */
		4E1CA92A2B0F0C7800034FB8 /* LoginView.swift in Sources */ = {isa = PBXBuildFile; fileRef = 4E1CA9292B0F0C7800034FB8 /* LoginView.swift */; };
		4E32D0B32B5F6F7500104D97 /* SDWebImageSwiftUI in Frameworks */ = {isa = PBXBuildFile; productRef = 4E32D0B22B5F6F7500104D97 /* SDWebImageSwiftUI */; };
		4E32D0B72B5F715600104D97 /* FirebaseDatabase in Frameworks */ = {isa = PBXBuildFile; productRef = 4E32D0B62B5F715600104D97 /* FirebaseDatabase */; };
		4E32D0B92B5F715600104D97 /* FirebaseFirestore in Frameworks */ = {isa = PBXBuildFile; productRef = 4E32D0B82B5F715600104D97 /* FirebaseFirestore */; };
		4E32D0BB2B5F717700104D97 /* FirebaseStorage in Frameworks */ = {isa = PBXBuildFile; productRef = 4E32D0BA2B5F717700104D97 /* FirebaseStorage */; };
		4E32D0C12B5F803300104D97 /* RegisterView.swift in Sources */ = {isa = PBXBuildFile; fileRef = 4E32D0C02B5F803300104D97 /* RegisterView.swift */; };
		4E32D0C32B5F804800104D97 /* LoadingView.swift in Sources */ = {isa = PBXBuildFile; fileRef = 4E32D0C22B5F804800104D97 /* LoadingView.swift */; };
		4E32D0C52B5F809000104D97 /* User.swift in Sources */ = {isa = PBXBuildFile; fileRef = 4E32D0C42B5F809000104D97 /* User.swift */; };
		4E32D0C82B5F948D00104D97 /* MainView.swift in Sources */ = {isa = PBXBuildFile; fileRef = 4E32D0C72B5F948D00104D97 /* MainView.swift */; };
		4E32D0CA2B63976900104D97 /* CreateNewPost.swift in Sources */ = {isa = PBXBuildFile; fileRef = 4E32D0C92B63976900104D97 /* CreateNewPost.swift */; };
		4E32D0CC2B63978900104D97 /* Post.swift in Sources */ = {isa = PBXBuildFile; fileRef = 4E32D0CB2B63978900104D97 /* Post.swift */; };
		4E32D0CE2B6397CB00104D97 /* SearchUserView.swift in Sources */ = {isa = PBXBuildFile; fileRef = 4E32D0CD2B6397CB00104D97 /* SearchUserView.swift */; };
		4E400D132B0F7D82008E3B31 /* Color.swift in Sources */ = {isa = PBXBuildFile; fileRef = 4E400D122B0F7D82008E3B31 /* Color.swift */; };
		4E400D172B104CC5008E3B31 /* View.swift in Sources */ = {isa = PBXBuildFile; fileRef = 4E400D162B104CC5008E3B31 /* View.swift */; };
		4E8490E82B0E456400C7D1C4 /* PawPrintsApp.swift in Sources */ = {isa = PBXBuildFile; fileRef = 4E8490E72B0E456400C7D1C4 /* PawPrintsApp.swift */; };
		4E8490EA2B0E456400C7D1C4 /* ContentView.swift in Sources */ = {isa = PBXBuildFile; fileRef = 4E8490E92B0E456400C7D1C4 /* ContentView.swift */; };
		4E8490EC2B0E456500C7D1C4 /* Assets.xcassets in Resources */ = {isa = PBXBuildFile; fileRef = 4E8490EB2B0E456500C7D1C4 /* Assets.xcassets */; };
		4E8490EF2B0E456500C7D1C4 /* Preview Assets.xcassets in Resources */ = {isa = PBXBuildFile; fileRef = 4E8490EE2B0E456500C7D1C4 /* Preview Assets.xcassets */; };
		4E8490F62B0E478900C7D1C4 /* GoogleService-Info.plist in Resources */ = {isa = PBXBuildFile; fileRef = 4E8490F52B0E478900C7D1C4 /* GoogleService-Info.plist */; };
		4E8491052B0F09EC00C7D1C4 /* FirebaseAuth in Frameworks */ = {isa = PBXBuildFile; productRef = 4E8491042B0F09EC00C7D1C4 /* FirebaseAuth */; };
/* End PBXBuildFile section */

/* Begin PBXFileReference section */
		4E1CA9292B0F0C7800034FB8 /* LoginView.swift */ = {isa = PBXFileReference; lastKnownFileType = sourcecode.swift; path = LoginView.swift; sourceTree = "<group>"; };
		4E32D0C02B5F803300104D97 /* RegisterView.swift */ = {isa = PBXFileReference; lastKnownFileType = sourcecode.swift; path = RegisterView.swift; sourceTree = "<group>"; };
		4E32D0C22B5F804800104D97 /* LoadingView.swift */ = {isa = PBXFileReference; lastKnownFileType = sourcecode.swift; path = LoadingView.swift; sourceTree = "<group>"; };
		4E32D0C42B5F809000104D97 /* User.swift */ = {isa = PBXFileReference; lastKnownFileType = sourcecode.swift; name = User.swift; path = PawPrints/View/User.swift; sourceTree = SOURCE_ROOT; };
		4E32D0C72B5F948D00104D97 /* MainView.swift */ = {isa = PBXFileReference; lastKnownFileType = sourcecode.swift; path = MainView.swift; sourceTree = "<group>"; };
		4E32D0C92B63976900104D97 /* CreateNewPost.swift */ = {isa = PBXFileReference; lastKnownFileType = sourcecode.swift; path = CreateNewPost.swift; sourceTree = "<group>"; };
		4E32D0CB2B63978900104D97 /* Post.swift */ = {isa = PBXFileReference; lastKnownFileType = sourcecode.swift; name = Post.swift; path = PawPrints/View/MainView/Post.swift; sourceTree = SOURCE_ROOT; };
		4E32D0CD2B6397CB00104D97 /* SearchUserView.swift */ = {isa = PBXFileReference; lastKnownFileType = sourcecode.swift; path = SearchUserView.swift; sourceTree = "<group>"; };
		4E400D122B0F7D82008E3B31 /* Color.swift */ = {isa = PBXFileReference; lastKnownFileType = sourcecode.swift; path = Color.swift; sourceTree = "<group>"; };
		4E400D162B104CC5008E3B31 /* View.swift */ = {isa = PBXFileReference; lastKnownFileType = sourcecode.swift; path = View.swift; sourceTree = "<group>"; };
		4E8490E42B0E456400C7D1C4 /* PawPrints.app */ = {isa = PBXFileReference; explicitFileType = wrapper.application; includeInIndex = 0; path = PawPrints.app; sourceTree = BUILT_PRODUCTS_DIR; };
		4E8490E72B0E456400C7D1C4 /* PawPrintsApp.swift */ = {isa = PBXFileReference; lastKnownFileType = sourcecode.swift; path = PawPrintsApp.swift; sourceTree = "<group>"; };
		4E8490E92B0E456400C7D1C4 /* ContentView.swift */ = {isa = PBXFileReference; lastKnownFileType = sourcecode.swift; path = ContentView.swift; sourceTree = "<group>"; };
		4E8490EB2B0E456500C7D1C4 /* Assets.xcassets */ = {isa = PBXFileReference; lastKnownFileType = folder.assetcatalog; path = Assets.xcassets; sourceTree = "<group>"; };
		4E8490EE2B0E456500C7D1C4 /* Preview Assets.xcassets */ = {isa = PBXFileReference; lastKnownFileType = folder.assetcatalog; path = "Preview Assets.xcassets"; sourceTree = "<group>"; };
		4E8490F52B0E478900C7D1C4 /* GoogleService-Info.plist */ = {isa = PBXFileReference; fileEncoding = 4; lastKnownFileType = text.plist.xml; path = "GoogleService-Info.plist"; sourceTree = "<group>"; };
/* End PBXFileReference section */

/* Begin PBXFrameworksBuildPhase section */
		4E8490E12B0E456300C7D1C4 /* Frameworks */ = {
			isa = PBXFrameworksBuildPhase;
			buildActionMask = 2147483647;
			files = (
				4E32D0B72B5F715600104D97 /* FirebaseDatabase in Frameworks */,
				4E32D0B92B5F715600104D97 /* FirebaseFirestore in Frameworks */,
				4E32D0B32B5F6F7500104D97 /* SDWebImageSwiftUI in Frameworks */,
				4E32D0BB2B5F717700104D97 /* FirebaseStorage in Frameworks */,
				4E8491052B0F09EC00C7D1C4 /* FirebaseAuth in Frameworks */,
			);
			runOnlyForDeploymentPostprocessing = 0;
		};
/* End PBXFrameworksBuildPhase section */

/* Begin PBXGroup section */
		4E32D0B42B5F702600104D97 /* Login */ = {
			isa = PBXGroup;
			children = (
				4E1CA9292B0F0C7800034FB8 /* LoginView.swift */,
				4E32D0C02B5F803300104D97 /* RegisterView.swift */,
			);
			path = Login;
			sourceTree = "<group>";
		};
		4E32D0B52B5F715600104D97 /* Frameworks */ = {
			isa = PBXGroup;
			children = (
			);
			name = Frameworks;
			sourceTree = "<group>";
		};
		4E32D0C62B5F948000104D97 /* MainView */ = {
			isa = PBXGroup;
			children = (
				4E32D0C72B5F948D00104D97 /* MainView.swift */,
				4E32D0C92B63976900104D97 /* CreateNewPost.swift */,
				4E32D0CD2B6397CB00104D97 /* SearchUserView.swift */,
			);
			path = MainView;
			sourceTree = "<group>";
		};
		4E400D112B0F7D5D008E3B31 /* Extentions */ = {
			isa = PBXGroup;
			children = (
				4E400D122B0F7D82008E3B31 /* Color.swift */,
				4E400D162B104CC5008E3B31 /* View.swift */,
			);
			path = Extentions;
			sourceTree = "<group>";
		};
		4E8490DB2B0E456300C7D1C4 = {
			isa = PBXGroup;
			children = (
				4E8490E62B0E456400C7D1C4 /* PawPrints */,
				4E8490E52B0E456400C7D1C4 /* Products */,
				4E32D0B52B5F715600104D97 /* Frameworks */,
			);
			sourceTree = "<group>";
		};
		4E8490E52B0E456400C7D1C4 /* Products */ = {
			isa = PBXGroup;
			children = (
				4E8490E42B0E456400C7D1C4 /* PawPrints.app */,
			);
			name = Products;
			sourceTree = "<group>";
		};
		4E8490E62B0E456400C7D1C4 /* PawPrints */ = {
			isa = PBXGroup;
			children = (
				4E400D112B0F7D5D008E3B31 /* Extentions */,
				4E84912F2B0F0A4B00C7D1C4 /* Model */,
				4E84912E2B0F0A4500C7D1C4 /* View */,
				4E8490F52B0E478900C7D1C4 /* GoogleService-Info.plist */,
				4E8490E72B0E456400C7D1C4 /* PawPrintsApp.swift */,
				4E8490E92B0E456400C7D1C4 /* ContentView.swift */,
				4E8490EB2B0E456500C7D1C4 /* Assets.xcassets */,
				4E8490ED2B0E456500C7D1C4 /* Preview Content */,
			);
			path = PawPrints;
			sourceTree = "<group>";
		};
		4E8490ED2B0E456500C7D1C4 /* Preview Content */ = {
			isa = PBXGroup;
			children = (
				4E8490EE2B0E456500C7D1C4 /* Preview Assets.xcassets */,
			);
			path = "Preview Content";
			sourceTree = "<group>";
		};
		4E84912E2B0F0A4500C7D1C4 /* View */ = {
			isa = PBXGroup;
			children = (
				4E32D0C62B5F948000104D97 /* MainView */,
				4E32D0B42B5F702600104D97 /* Login */,
				4E32D0C22B5F804800104D97 /* LoadingView.swift */,
			);
			path = View;
			sourceTree = "<group>";
		};
		4E84912F2B0F0A4B00C7D1C4 /* Model */ = {
			isa = PBXGroup;
			children = (
				4E32D0C42B5F809000104D97 /* User.swift */,
				4E32D0CB2B63978900104D97 /* Post.swift */,
			);
			path = Model;
			sourceTree = "<group>";
		};
/* End PBXGroup section */

/* Begin PBXNativeTarget section */
		4E8490E32B0E456300C7D1C4 /* PawPrints */ = {
			isa = PBXNativeTarget;
			buildConfigurationList = 4E8490F22B0E456500C7D1C4 /* Build configuration list for PBXNativeTarget "PawPrints" */;
			buildPhases = (
				4E8490E02B0E456300C7D1C4 /* Sources */,
				4E8490E12B0E456300C7D1C4 /* Frameworks */,
				4E8490E22B0E456300C7D1C4 /* Resources */,
			);
			buildRules = (
			);
			dependencies = (
			);
			name = PawPrints;
			packageProductDependencies = (
				4E8491042B0F09EC00C7D1C4 /* FirebaseAuth */,
				4E32D0B22B5F6F7500104D97 /* SDWebImageSwiftUI */,
				4E32D0B62B5F715600104D97 /* FirebaseDatabase */,
				4E32D0B82B5F715600104D97 /* FirebaseFirestore */,
				4E32D0BA2B5F717700104D97 /* FirebaseStorage */,
			);
			productName = PawPrints;
			productReference = 4E8490E42B0E456400C7D1C4 /* PawPrints.app */;
			productType = "com.apple.product-type.application";
		};
/* End PBXNativeTarget section */

/* Begin PBXProject section */
		4E8490DC2B0E456300C7D1C4 /* Project object */ = {
			isa = PBXProject;
			attributes = {
				BuildIndependentTargetsInParallel = 1;
				LastSwiftUpdateCheck = 1500;
				LastUpgradeCheck = 1500;
				TargetAttributes = {
					4E8490E32B0E456300C7D1C4 = {
						CreatedOnToolsVersion = 15.0.1;
					};
				};
			};
			buildConfigurationList = 4E8490DF2B0E456300C7D1C4 /* Build configuration list for PBXProject "PawPrints" */;
			compatibilityVersion = "Xcode 14.0";
			developmentRegion = en;
			hasScannedForEncodings = 0;
			knownRegions = (
				en,
				Base,
			);
			mainGroup = 4E8490DB2B0E456300C7D1C4;
			packageReferences = (
				4E8490F72B0F09EC00C7D1C4 /* XCRemoteSwiftPackageReference "firebase-ios-sdk" */,
				4E32D0B12B5F6F7500104D97 /* XCRemoteSwiftPackageReference "SDWebImageSwiftUI" */,
			);
			productRefGroup = 4E8490E52B0E456400C7D1C4 /* Products */;
			projectDirPath = "";
			projectRoot = "";
			targets = (
				4E8490E32B0E456300C7D1C4 /* PawPrints */,
			);
		};
/* End PBXProject section */

/* Begin PBXResourcesBuildPhase section */
		4E8490E22B0E456300C7D1C4 /* Resources */ = {
			isa = PBXResourcesBuildPhase;
			buildActionMask = 2147483647;
			files = (
				4E8490EF2B0E456500C7D1C4 /* Preview Assets.xcassets in Resources */,
				4E8490EC2B0E456500C7D1C4 /* Assets.xcassets in Resources */,
				4E8490F62B0E478900C7D1C4 /* GoogleService-Info.plist in Resources */,
			);
			runOnlyForDeploymentPostprocessing = 0;
		};
/* End PBXResourcesBuildPhase section */

/* Begin PBXSourcesBuildPhase section */
		4E8490E02B0E456300C7D1C4 /* Sources */ = {
			isa = PBXSourcesBuildPhase;
			buildActionMask = 2147483647;
			files = (
				4E32D0CA2B63976900104D97 /* CreateNewPost.swift in Sources */,
				4E32D0CC2B63978900104D97 /* Post.swift in Sources */,
				4E8490EA2B0E456400C7D1C4 /* ContentView.swift in Sources */,
				4E32D0CE2B6397CB00104D97 /* SearchUserView.swift in Sources */,
				4E1CA92A2B0F0C7800034FB8 /* LoginView.swift in Sources */,
				4E400D132B0F7D82008E3B31 /* Color.swift in Sources */,
				4E32D0C12B5F803300104D97 /* RegisterView.swift in Sources */,
				4E400D172B104CC5008E3B31 /* View.swift in Sources */,
				4E32D0C82B5F948D00104D97 /* MainView.swift in Sources */,
				4E8490E82B0E456400C7D1C4 /* PawPrintsApp.swift in Sources */,
				4E32D0C52B5F809000104D97 /* User.swift in Sources */,
				4E32D0C32B5F804800104D97 /* LoadingView.swift in Sources */,
			);
			runOnlyForDeploymentPostprocessing = 0;
		};
/* End PBXSourcesBuildPhase section */

/* Begin XCBuildConfiguration section */
		4E8490F02B0E456500C7D1C4 /* Debug */ = {
			isa = XCBuildConfiguration;
			buildSettings = {
				ALWAYS_SEARCH_USER_PATHS = NO;
				ASSETCATALOG_COMPILER_GENERATE_SWIFT_ASSET_SYMBOL_EXTENSIONS = YES;
				CLANG_ANALYZER_NONNULL = YES;
				CLANG_ANALYZER_NUMBER_OBJECT_CONVERSION = YES_AGGRESSIVE;
				CLANG_CXX_LANGUAGE_STANDARD = "gnu++20";
				CLANG_ENABLE_MODULES = YES;
				CLANG_ENABLE_OBJC_ARC = YES;
				CLANG_ENABLE_OBJC_WEAK = YES;
				CLANG_WARN_BLOCK_CAPTURE_AUTORELEASING = YES;
				CLANG_WARN_BOOL_CONVERSION = YES;
				CLANG_WARN_COMMA = YES;
				CLANG_WARN_CONSTANT_CONVERSION = YES;
				CLANG_WARN_DEPRECATED_OBJC_IMPLEMENTATIONS = YES;
				CLANG_WARN_DIRECT_OBJC_ISA_USAGE = YES_ERROR;
				CLANG_WARN_DOCUMENTATION_COMMENTS = YES;
				CLANG_WARN_EMPTY_BODY = YES;
				CLANG_WARN_ENUM_CONVERSION = YES;
				CLANG_WARN_INFINITE_RECURSION = YES;
				CLANG_WARN_INT_CONVERSION = YES;
				CLANG_WARN_NON_LITERAL_NULL_CONVERSION = YES;
				CLANG_WARN_OBJC_IMPLICIT_RETAIN_SELF = YES;
				CLANG_WARN_OBJC_LITERAL_CONVERSION = YES;
				CLANG_WARN_OBJC_ROOT_CLASS = YES_ERROR;
				CLANG_WARN_QUOTED_INCLUDE_IN_FRAMEWORK_HEADER = YES;
				CLANG_WARN_RANGE_LOOP_ANALYSIS = YES;
				CLANG_WARN_STRICT_PROTOTYPES = YES;
				CLANG_WARN_SUSPICIOUS_MOVE = YES;
				CLANG_WARN_UNGUARDED_AVAILABILITY = YES_AGGRESSIVE;
				CLANG_WARN_UNREACHABLE_CODE = YES;
				CLANG_WARN__DUPLICATE_METHOD_MATCH = YES;
				COPY_PHASE_STRIP = NO;
				DEBUG_INFORMATION_FORMAT = dwarf;
				ENABLE_STRICT_OBJC_MSGSEND = YES;
				ENABLE_TESTABILITY = YES;
				ENABLE_USER_SCRIPT_SANDBOXING = YES;
				GCC_C_LANGUAGE_STANDARD = gnu17;
				GCC_DYNAMIC_NO_PIC = NO;
				GCC_NO_COMMON_BLOCKS = YES;
				GCC_OPTIMIZATION_LEVEL = 0;
				GCC_PREPROCESSOR_DEFINITIONS = (
					"DEBUG=1",
					"$(inherited)",
				);
				GCC_WARN_64_TO_32_BIT_CONVERSION = YES;
				GCC_WARN_ABOUT_RETURN_TYPE = YES_ERROR;
				GCC_WARN_UNDECLARED_SELECTOR = YES;
				GCC_WARN_UNINITIALIZED_AUTOS = YES_AGGRESSIVE;
				GCC_WARN_UNUSED_FUNCTION = YES;
				GCC_WARN_UNUSED_VARIABLE = YES;
				IPHONEOS_DEPLOYMENT_TARGET = 17.0;
				LOCALIZATION_PREFERS_STRING_CATALOGS = YES;
				MTL_ENABLE_DEBUG_INFO = INCLUDE_SOURCE;
				MTL_FAST_MATH = YES;
				ONLY_ACTIVE_ARCH = YES;
				SDKROOT = iphoneos;
				SWIFT_ACTIVE_COMPILATION_CONDITIONS = "DEBUG $(inherited)";
				SWIFT_OPTIMIZATION_LEVEL = "-Onone";
			};
			name = Debug;
		};
		4E8490F12B0E456500C7D1C4 /* Release */ = {
			isa = XCBuildConfiguration;
			buildSettings = {
				ALWAYS_SEARCH_USER_PATHS = NO;
				ASSETCATALOG_COMPILER_GENERATE_SWIFT_ASSET_SYMBOL_EXTENSIONS = YES;
				CLANG_ANALYZER_NONNULL = YES;
				CLANG_ANALYZER_NUMBER_OBJECT_CONVERSION = YES_AGGRESSIVE;
				CLANG_CXX_LANGUAGE_STANDARD = "gnu++20";
				CLANG_ENABLE_MODULES = YES;
				CLANG_ENABLE_OBJC_ARC = YES;
				CLANG_ENABLE_OBJC_WEAK = YES;
				CLANG_WARN_BLOCK_CAPTURE_AUTORELEASING = YES;
				CLANG_WARN_BOOL_CONVERSION = YES;
				CLANG_WARN_COMMA = YES;
				CLANG_WARN_CONSTANT_CONVERSION = YES;
				CLANG_WARN_DEPRECATED_OBJC_IMPLEMENTATIONS = YES;
				CLANG_WARN_DIRECT_OBJC_ISA_USAGE = YES_ERROR;
				CLANG_WARN_DOCUMENTATION_COMMENTS = YES;
				CLANG_WARN_EMPTY_BODY = YES;
				CLANG_WARN_ENUM_CONVERSION = YES;
				CLANG_WARN_INFINITE_RECURSION = YES;
				CLANG_WARN_INT_CONVERSION = YES;
				CLANG_WARN_NON_LITERAL_NULL_CONVERSION = YES;
				CLANG_WARN_OBJC_IMPLICIT_RETAIN_SELF = YES;
				CLANG_WARN_OBJC_LITERAL_CONVERSION = YES;
				CLANG_WARN_OBJC_ROOT_CLASS = YES_ERROR;
				CLANG_WARN_QUOTED_INCLUDE_IN_FRAMEWORK_HEADER = YES;
				CLANG_WARN_RANGE_LOOP_ANALYSIS = YES;
				CLANG_WARN_STRICT_PROTOTYPES = YES;
				CLANG_WARN_SUSPICIOUS_MOVE = YES;
				CLANG_WARN_UNGUARDED_AVAILABILITY = YES_AGGRESSIVE;
				CLANG_WARN_UNREACHABLE_CODE = YES;
				CLANG_WARN__DUPLICATE_METHOD_MATCH = YES;
				COPY_PHASE_STRIP = NO;
				DEBUG_INFORMATION_FORMAT = "dwarf-with-dsym";
				ENABLE_NS_ASSERTIONS = NO;
				ENABLE_STRICT_OBJC_MSGSEND = YES;
				ENABLE_USER_SCRIPT_SANDBOXING = YES;
				GCC_C_LANGUAGE_STANDARD = gnu17;
				GCC_NO_COMMON_BLOCKS = YES;
				GCC_WARN_64_TO_32_BIT_CONVERSION = YES;
				GCC_WARN_ABOUT_RETURN_TYPE = YES_ERROR;
				GCC_WARN_UNDECLARED_SELECTOR = YES;
				GCC_WARN_UNINITIALIZED_AUTOS = YES_AGGRESSIVE;
				GCC_WARN_UNUSED_FUNCTION = YES;
				GCC_WARN_UNUSED_VARIABLE = YES;
				IPHONEOS_DEPLOYMENT_TARGET = 17.0;
				LOCALIZATION_PREFERS_STRING_CATALOGS = YES;
				MTL_ENABLE_DEBUG_INFO = NO;
				MTL_FAST_MATH = YES;
				SDKROOT = iphoneos;
				SWIFT_COMPILATION_MODE = wholemodule;
				VALIDATE_PRODUCT = YES;
			};
			name = Release;
		};
		4E8490F32B0E456500C7D1C4 /* Debug */ = {
			isa = XCBuildConfiguration;
			buildSettings = {
				ASSETCATALOG_COMPILER_APPICON_NAME = AppIcon;
				ASSETCATALOG_COMPILER_GLOBAL_ACCENT_COLOR_NAME = AccentColor;
				CODE_SIGN_STYLE = Automatic;
				CURRENT_PROJECT_VERSION = 1;
				DEVELOPMENT_ASSET_PATHS = "\"PawPrints/Preview Content\"";
				DEVELOPMENT_TEAM = 8LGNNVJ863;
				ENABLE_PREVIEWS = YES;
				GENERATE_INFOPLIST_FILE = YES;
				INFOPLIST_KEY_UIApplicationSceneManifest_Generation = YES;
				INFOPLIST_KEY_UIApplicationSupportsIndirectInputEvents = YES;
				INFOPLIST_KEY_UILaunchScreen_Generation = YES;
				INFOPLIST_KEY_UISupportedInterfaceOrientations_iPad = "UIInterfaceOrientationPortrait UIInterfaceOrientationPortraitUpsideDown UIInterfaceOrientationLandscapeLeft UIInterfaceOrientationLandscapeRight";
				INFOPLIST_KEY_UISupportedInterfaceOrientations_iPhone = "UIInterfaceOrientationPortrait UIInterfaceOrientationLandscapeLeft UIInterfaceOrientationLandscapeRight";
				LD_RUNPATH_SEARCH_PATHS = (
					"$(inherited)",
					"@executable_path/Frameworks",
				);
				MARKETING_VERSION = 1.0;
				PRODUCT_BUNDLE_IDENTIFIER = "-";
				PRODUCT_NAME = "$(TARGET_NAME)";
				SWIFT_EMIT_LOC_STRINGS = YES;
				SWIFT_VERSION = 5.0;
				TARGETED_DEVICE_FAMILY = "1,2";
			};
			name = Debug;
		};
		4E8490F42B0E456500C7D1C4 /* Release */ = {
			isa = XCBuildConfiguration;
			buildSettings = {
				ASSETCATALOG_COMPILER_APPICON_NAME = AppIcon;
				ASSETCATALOG_COMPILER_GLOBAL_ACCENT_COLOR_NAME = AccentColor;
				CODE_SIGN_STYLE = Automatic;
				CURRENT_PROJECT_VERSION = 1;
				DEVELOPMENT_ASSET_PATHS = "\"PawPrints/Preview Content\"";
				DEVELOPMENT_TEAM = 8LGNNVJ863;
				ENABLE_PREVIEWS = YES;
				GENERATE_INFOPLIST_FILE = YES;
				INFOPLIST_KEY_UIApplicationSceneManifest_Generation = YES;
				INFOPLIST_KEY_UIApplicationSupportsIndirectInputEvents = YES;
				INFOPLIST_KEY_UILaunchScreen_Generation = YES;
				INFOPLIST_KEY_UISupportedInterfaceOrientations_iPad = "UIInterfaceOrientationPortrait UIInterfaceOrientationPortraitUpsideDown UIInterfaceOrientationLandscapeLeft UIInterfaceOrientationLandscapeRight";
				INFOPLIST_KEY_UISupportedInterfaceOrientations_iPhone = "UIInterfaceOrientationPortrait UIInterfaceOrientationLandscapeLeft UIInterfaceOrientationLandscapeRight";
				LD_RUNPATH_SEARCH_PATHS = (
					"$(inherited)",
					"@executable_path/Frameworks",
				);
				MARKETING_VERSION = 1.0;
				PRODUCT_BUNDLE_IDENTIFIER = "-";
				PRODUCT_NAME = "$(TARGET_NAME)";
				SWIFT_EMIT_LOC_STRINGS = YES;
				SWIFT_VERSION = 5.0;
				TARGETED_DEVICE_FAMILY = "1,2";
			};
			name = Release;
		};
/* End XCBuildConfiguration section */

/* Begin XCConfigurationList section */
		4E8490DF2B0E456300C7D1C4 /* Build configuration list for PBXProject "PawPrints" */ = {
			isa = XCConfigurationList;
			buildConfigurations = (
				4E8490F02B0E456500C7D1C4 /* Debug */,
				4E8490F12B0E456500C7D1C4 /* Release */,
			);
			defaultConfigurationIsVisible = 0;
			defaultConfigurationName = Release;
		};
		4E8490F22B0E456500C7D1C4 /* Build configuration list for PBXNativeTarget "PawPrints" */ = {
			isa = XCConfigurationList;
			buildConfigurations = (
				4E8490F32B0E456500C7D1C4 /* Debug */,
				4E8490F42B0E456500C7D1C4 /* Release */,
			);
			defaultConfigurationIsVisible = 0;
			defaultConfigurationName = Release;
		};
/* End XCConfigurationList section */

/* Begin XCRemoteSwiftPackageReference section */
		4E32D0B12B5F6F7500104D97 /* XCRemoteSwiftPackageReference "SDWebImageSwiftUI" */ = {
			isa = XCRemoteSwiftPackageReference;
			repositoryURL = "https://github.com/SDWebImage/SDWebImageSwiftUI";
			requirement = {
				kind = upToNextMajorVersion;
				minimumVersion = 2.2.6;
			};
		};
		4E8490F72B0F09EC00C7D1C4 /* XCRemoteSwiftPackageReference "firebase-ios-sdk" */ = {
			isa = XCRemoteSwiftPackageReference;
			repositoryURL = "https://github.com/firebase/firebase-ios-sdk";
			requirement = {
				kind = upToNextMajorVersion;
				minimumVersion = 10.18.0;
			};
		};
/* End XCRemoteSwiftPackageReference section */

/* Begin XCSwiftPackageProductDependency section */
		4E32D0B22B5F6F7500104D97 /* SDWebImageSwiftUI */ = {
			isa = XCSwiftPackageProductDependency;
			package = 4E32D0B12B5F6F7500104D97 /* XCRemoteSwiftPackageReference "SDWebImageSwiftUI" */;
			productName = SDWebImageSwiftUI;
		};
		4E32D0B62B5F715600104D97 /* FirebaseDatabase */ = {
			isa = XCSwiftPackageProductDependency;
			package = 4E8490F72B0F09EC00C7D1C4 /* XCRemoteSwiftPackageReference "firebase-ios-sdk" */;
			productName = FirebaseDatabase;
		};
		4E32D0B82B5F715600104D97 /* FirebaseFirestore */ = {
			isa = XCSwiftPackageProductDependency;
			package = 4E8490F72B0F09EC00C7D1C4 /* XCRemoteSwiftPackageReference "firebase-ios-sdk" */;
			productName = FirebaseFirestore;
		};
		4E32D0BA2B5F717700104D97 /* FirebaseStorage */ = {
			isa = XCSwiftPackageProductDependency;
			package = 4E8490F72B0F09EC00C7D1C4 /* XCRemoteSwiftPackageReference "firebase-ios-sdk" */;
			productName = FirebaseStorage;
		};
		4E8491042B0F09EC00C7D1C4 /* FirebaseAuth */ = {
			isa = XCSwiftPackageProductDependency;
			package = 4E8490F72B0F09EC00C7D1C4 /* XCRemoteSwiftPackageReference "firebase-ios-sdk" */;
			productName = FirebaseAuth;
		};
/* End XCSwiftPackageProductDependency section */
	};
	rootObject = 4E8490DC2B0E456300C7D1C4 /* Project object */;
}
